
Microsoft Visual Studio Solution File, Format Version 12.00
# Visual Studio Version 16
VisualStudioVersion = 16.6.30114.105
MinimumVisualStudioVersion = 10.0.40219.1
Project("{2150E333-8FDC-42A3-9474-1A3956D46DE8}") = "Application", "Application", "{9126A2AA-19E4-4E65-8A4F-D632C0C20B73}"
EndProject
Project("{2150E333-8FDC-42A3-9474-1A3956D46DE8}") = "Modules", "Modules", "{F573DB06-11B2-46A9-B32A-2538A66A624C}"
EndProject
Project("{9A19103F-16F7-4668-BE54-9A1E7A4F7556}") = "PlanB.PaymentContext.Module.Core", "Application\Modules\PlanB.PaymentContext.Module.Core\PlanB.PaymentContext.Module.Core.csproj", "{AC054245-BFE8-4341-8D77-E08CA16678D1}"
EndProject
Project("{2150E333-8FDC-42A3-9474-1A3956D46DE8}") = "Tests", "Tests", "{EE1C609D-9572-415A-AB84-618A372F42C6}"
EndProject
Project("{2150E333-8FDC-42A3-9474-1A3956D46DE8}") = "Modules", "Modules", "{800D1897-5C2C-422F-AA18-D46700D193EC}"
EndProject
Project("{2150E333-8FDC-42A3-9474-1A3956D46DE8}") = "Core", "Core", "{6AAA9564-7B13-4E10-8C26-5F26F7D7CACD}"
EndProject
Project("{9A19103F-16F7-4668-BE54-9A1E7A4F7556}") = "PlanB.PaymentContext.Core.Tests", "Tests\Modules\Core\PlanB.PaymentContext.Core.Tests\PlanB.PaymentContext.Core.Tests.csproj", "{C126619D-6D46-40DA-AB1B-2099CCA2E634}"
EndProject
Project("{2150E333-8FDC-42A3-9474-1A3956D46DE8}") = "Infrastructure", "Infrastructure", "{066AA00E-98D3-49F1-B305-746C1C628BB3}"
EndProject
Project("{9A19103F-16F7-4668-BE54-9A1E7A4F7556}") = "PlanB.Infrastructure", "Application\Infrastructure\PlanB.Infrastructure\PlanB.Infrastructure.csproj", "{47A591D5-DBAF-47D8-9B09-559518FB7FF7}"
EndProject
Project("{2150E333-8FDC-42A3-9474-1A3956D46DE8}") = "Infrastructure", "Infrastructure", "{72EE00CB-4CEB-4056-BD88-ECD93112BCD8}"
EndProject
Project("{9A19103F-16F7-4668-BE54-9A1E7A4F7556}") = "PlanB.Infrastructure.Tests", "Tests\Infrastructure\PlanB.Infrastructure.Tests\PlanB.Infrastructure.Tests.csproj", "{F67DBB21-24B1-4F80-9FB7-BCE6D927C858}"
EndProject
Project("{2150E333-8FDC-42A3-9474-1A3956D46DE8}") = "Commons", "Commons", "{2E7F80B0-9C97-44C8-B04A-340356F69497}"
EndProject
Project("{9A19103F-16F7-4668-BE54-9A1E7A4F7556}") = "PlanB.Commons", "Application\Commons\PlanB.Commons\PlanB.Commons.csproj", "{4CE299CA-5583-4391-A6D6-EC98BF85693F}"
EndProject
Project("{2150E333-8FDC-42A3-9474-1A3956D46DE8}") = "Commons", "Commons", "{2B59F36F-3AF2-45BF-8E3E-5C2B2D736BD9}"
EndProject
Project("{9A19103F-16F7-4668-BE54-9A1E7A4F7556}") = "PlanB.Commons.Tests", "Tests\Commons\PlanB.Commons.Tests\PlanB.Commons.Tests.csproj", "{6314A3CD-96D2-4931-BC68-A26A82C151E5}"
EndProject
Project("{9A19103F-16F7-4668-BE54-9A1E7A4F7556}") = "PlanB.PaymentContext.Module.Payment", "Application\Modules\PlanB.PaymentContext.Module.Payment\PlanB.PaymentContext.Module.Payment.csproj", "{0C5F96B3-4B4F-4F1A-965D-622B568F83DC}"
EndProject
Project("{2150E333-8FDC-42A3-9474-1A3956D46DE8}") = "Payment", "Payment", "{B6BD1E22-B8CC-4451-BEE5-FB258143F101}"
EndProject
Project("{9A19103F-16F7-4668-BE54-9A1E7A4F7556}") = "PlanB.PaymentContext.Payment.Tests", "Tests\Modules\Payment\PlanB.PaymentContext.Payment.Tests\PlanB.PaymentContext.Payment.Tests.csproj", "{47EB67C9-2DBD-4DCA-8367-8090D1343535}"
EndProject
Project("{FAE04EC0-301F-11D3-BF4B-00C04F79EFBC}") = "PlanB.PaymentContext.Module.Cms", "Application\Modules\PlanB.PaymentContext.Module.Cms\PlanB.PaymentContext.Module.Cms.csproj", "{71D59387-6427-47CD-8235-38B962EE400A}"
EndProject
Project("{2150E333-8FDC-42A3-9474-1A3956D46DE8}") = "Cms", "Cms", "{FCEEF72D-3423-41DD-AFCF-410E59A59A96}"
EndProject
Project("{FAE04EC0-301F-11D3-BF4B-00C04F79EFBC}") = "PlanB.PaymentContext.Cms.Tests", "Tests\Modules\Cms\PlanB.PaymentContext.Cms.Tests\PlanB.PaymentContext.Cms.Tests.csproj", "{BBA78B79-3E2D-476D-A0CE-E004CA84C83D}"
EndProject
Global
	GlobalSection(SolutionConfigurationPlatforms) = preSolution
		Debug|Any CPU = Debug|Any CPU
		Debug|x64 = Debug|x64
		Debug|x86 = Debug|x86
		Release|Any CPU = Release|Any CPU
		Release|x64 = Release|x64
		Release|x86 = Release|x86
	EndGlobalSection
	GlobalSection(ProjectConfigurationPlatforms) = postSolution
		{AC054245-BFE8-4341-8D77-E08CA16678D1}.Debug|Any CPU.ActiveCfg = Debug|Any CPU
		{AC054245-BFE8-4341-8D77-E08CA16678D1}.Debug|Any CPU.Build.0 = Debug|Any CPU
		{AC054245-BFE8-4341-8D77-E08CA16678D1}.Debug|x64.ActiveCfg = Debug|Any CPU
		{AC054245-BFE8-4341-8D77-E08CA16678D1}.Debug|x64.Build.0 = Debug|Any CPU
		{AC054245-BFE8-4341-8D77-E08CA16678D1}.Debug|x86.ActiveCfg = Debug|Any CPU
		{AC054245-BFE8-4341-8D77-E08CA16678D1}.Debug|x86.Build.0 = Debug|Any CPU
		{AC054245-BFE8-4341-8D77-E08CA16678D1}.Release|Any CPU.ActiveCfg = Release|Any CPU
		{AC054245-BFE8-4341-8D77-E08CA16678D1}.Release|Any CPU.Build.0 = Release|Any CPU
		{AC054245-BFE8-4341-8D77-E08CA16678D1}.Release|x64.ActiveCfg = Release|Any CPU
		{AC054245-BFE8-4341-8D77-E08CA16678D1}.Release|x64.Build.0 = Release|Any CPU
		{AC054245-BFE8-4341-8D77-E08CA16678D1}.Release|x86.ActiveCfg = Release|Any CPU
		{AC054245-BFE8-4341-8D77-E08CA16678D1}.Release|x86.Build.0 = Release|Any CPU
		{C126619D-6D46-40DA-AB1B-2099CCA2E634}.Debug|Any CPU.ActiveCfg = Debug|Any CPU
		{C126619D-6D46-40DA-AB1B-2099CCA2E634}.Debug|Any CPU.Build.0 = Debug|Any CPU
		{C126619D-6D46-40DA-AB1B-2099CCA2E634}.Debug|x64.ActiveCfg = Debug|Any CPU
		{C126619D-6D46-40DA-AB1B-2099CCA2E634}.Debug|x64.Build.0 = Debug|Any CPU
		{C126619D-6D46-40DA-AB1B-2099CCA2E634}.Debug|x86.ActiveCfg = Debug|Any CPU
		{C126619D-6D46-40DA-AB1B-2099CCA2E634}.Debug|x86.Build.0 = Debug|Any CPU
		{C126619D-6D46-40DA-AB1B-2099CCA2E634}.Release|Any CPU.ActiveCfg = Release|Any CPU
		{C126619D-6D46-40DA-AB1B-2099CCA2E634}.Release|Any CPU.Build.0 = Release|Any CPU
		{C126619D-6D46-40DA-AB1B-2099CCA2E634}.Release|x64.ActiveCfg = Release|Any CPU
		{C126619D-6D46-40DA-AB1B-2099CCA2E634}.Release|x64.Build.0 = Release|Any CPU
		{C126619D-6D46-40DA-AB1B-2099CCA2E634}.Release|x86.ActiveCfg = Release|Any CPU
		{C126619D-6D46-40DA-AB1B-2099CCA2E634}.Release|x86.Build.0 = Release|Any CPU
		{47A591D5-DBAF-47D8-9B09-559518FB7FF7}.Debug|Any CPU.ActiveCfg = Debug|Any CPU
		{47A591D5-DBAF-47D8-9B09-559518FB7FF7}.Debug|Any CPU.Build.0 = Debug|Any CPU
		{47A591D5-DBAF-47D8-9B09-559518FB7FF7}.Debug|x64.ActiveCfg = Debug|Any CPU
		{47A591D5-DBAF-47D8-9B09-559518FB7FF7}.Debug|x64.Build.0 = Debug|Any CPU
		{47A591D5-DBAF-47D8-9B09-559518FB7FF7}.Debug|x86.ActiveCfg = Debug|Any CPU
		{47A591D5-DBAF-47D8-9B09-559518FB7FF7}.Debug|x86.Build.0 = Debug|Any CPU
		{47A591D5-DBAF-47D8-9B09-559518FB7FF7}.Release|Any CPU.ActiveCfg = Release|Any CPU
		{47A591D5-DBAF-47D8-9B09-559518FB7FF7}.Release|Any CPU.Build.0 = Release|Any CPU
		{47A591D5-DBAF-47D8-9B09-559518FB7FF7}.Release|x64.ActiveCfg = Release|Any CPU
		{47A591D5-DBAF-47D8-9B09-559518FB7FF7}.Release|x64.Build.0 = Release|Any CPU
		{47A591D5-DBAF-47D8-9B09-559518FB7FF7}.Release|x86.ActiveCfg = Release|Any CPU
		{47A591D5-DBAF-47D8-9B09-559518FB7FF7}.Release|x86.Build.0 = Release|Any CPU
		{F67DBB21-24B1-4F80-9FB7-BCE6D927C858}.Debug|Any CPU.ActiveCfg = Debug|Any CPU
		{F67DBB21-24B1-4F80-9FB7-BCE6D927C858}.Debug|Any CPU.Build.0 = Debug|Any CPU
		{F67DBB21-24B1-4F80-9FB7-BCE6D927C858}.Debug|x64.ActiveCfg = Debug|Any CPU
		{F67DBB21-24B1-4F80-9FB7-BCE6D927C858}.Debug|x64.Build.0 = Debug|Any CPU
		{F67DBB21-24B1-4F80-9FB7-BCE6D927C858}.Debug|x86.ActiveCfg = Debug|Any CPU
		{F67DBB21-24B1-4F80-9FB7-BCE6D927C858}.Debug|x86.Build.0 = Debug|Any CPU
		{F67DBB21-24B1-4F80-9FB7-BCE6D927C858}.Release|Any CPU.ActiveCfg = Release|Any CPU
		{F67DBB21-24B1-4F80-9FB7-BCE6D927C858}.Release|Any CPU.Build.0 = Release|Any CPU
		{F67DBB21-24B1-4F80-9FB7-BCE6D927C858}.Release|x64.ActiveCfg = Release|Any CPU
		{F67DBB21-24B1-4F80-9FB7-BCE6D927C858}.Release|x64.Build.0 = Release|Any CPU
		{F67DBB21-24B1-4F80-9FB7-BCE6D927C858}.Release|x86.ActiveCfg = Release|Any CPU
		{F67DBB21-24B1-4F80-9FB7-BCE6D927C858}.Release|x86.Build.0 = Release|Any CPU
		{4CE299CA-5583-4391-A6D6-EC98BF85693F}.Debug|Any CPU.ActiveCfg = Debug|Any CPU
		{4CE299CA-5583-4391-A6D6-EC98BF85693F}.Debug|Any CPU.Build.0 = Debug|Any CPU
		{4CE299CA-5583-4391-A6D6-EC98BF85693F}.Debug|x64.ActiveCfg = Debug|Any CPU
		{4CE299CA-5583-4391-A6D6-EC98BF85693F}.Debug|x64.Build.0 = Debug|Any CPU
		{4CE299CA-5583-4391-A6D6-EC98BF85693F}.Debug|x86.ActiveCfg = Debug|Any CPU
		{4CE299CA-5583-4391-A6D6-EC98BF85693F}.Debug|x86.Build.0 = Debug|Any CPU
		{4CE299CA-5583-4391-A6D6-EC98BF85693F}.Release|Any CPU.ActiveCfg = Release|Any CPU
		{4CE299CA-5583-4391-A6D6-EC98BF85693F}.Release|Any CPU.Build.0 = Release|Any CPU
		{4CE299CA-5583-4391-A6D6-EC98BF85693F}.Release|x64.ActiveCfg = Release|Any CPU
		{4CE299CA-5583-4391-A6D6-EC98BF85693F}.Release|x64.Build.0 = Release|Any CPU
		{4CE299CA-5583-4391-A6D6-EC98BF85693F}.Release|x86.ActiveCfg = Release|Any CPU
		{4CE299CA-5583-4391-A6D6-EC98BF85693F}.Release|x86.Build.0 = Release|Any CPU
		{6314A3CD-96D2-4931-BC68-A26A82C151E5}.Debug|Any CPU.ActiveCfg = Debug|Any CPU
		{6314A3CD-96D2-4931-BC68-A26A82C151E5}.Debug|Any CPU.Build.0 = Debug|Any CPU
		{6314A3CD-96D2-4931-BC68-A26A82C151E5}.Debug|x64.ActiveCfg = Debug|Any CPU
		{6314A3CD-96D2-4931-BC68-A26A82C151E5}.Debug|x64.Build.0 = Debug|Any CPU
		{6314A3CD-96D2-4931-BC68-A26A82C151E5}.Debug|x86.ActiveCfg = Debug|Any CPU
		{6314A3CD-96D2-4931-BC68-A26A82C151E5}.Debug|x86.Build.0 = Debug|Any CPU
		{6314A3CD-96D2-4931-BC68-A26A82C151E5}.Release|Any CPU.ActiveCfg = Release|Any CPU
		{6314A3CD-96D2-4931-BC68-A26A82C151E5}.Release|Any CPU.Build.0 = Release|Any CPU
		{6314A3CD-96D2-4931-BC68-A26A82C151E5}.Release|x64.ActiveCfg = Release|Any CPU
		{6314A3CD-96D2-4931-BC68-A26A82C151E5}.Release|x64.Build.0 = Release|Any CPU
		{6314A3CD-96D2-4931-BC68-A26A82C151E5}.Release|x86.ActiveCfg = Release|Any CPU
		{6314A3CD-96D2-4931-BC68-A26A82C151E5}.Release|x86.Build.0 = Release|Any CPU
		{0C5F96B3-4B4F-4F1A-965D-622B568F83DC}.Debug|Any CPU.ActiveCfg = Debug|Any CPU
		{0C5F96B3-4B4F-4F1A-965D-622B568F83DC}.Debug|Any CPU.Build.0 = Debug|Any CPU
		{0C5F96B3-4B4F-4F1A-965D-622B568F83DC}.Debug|x64.ActiveCfg = Debug|Any CPU
		{0C5F96B3-4B4F-4F1A-965D-622B568F83DC}.Debug|x64.Build.0 = Debug|Any CPU
		{0C5F96B3-4B4F-4F1A-965D-622B568F83DC}.Debug|x86.ActiveCfg = Debug|Any CPU
		{0C5F96B3-4B4F-4F1A-965D-622B568F83DC}.Debug|x86.Build.0 = Debug|Any CPU
		{0C5F96B3-4B4F-4F1A-965D-622B568F83DC}.Release|Any CPU.ActiveCfg = Release|Any CPU
		{0C5F96B3-4B4F-4F1A-965D-622B568F83DC}.Release|Any CPU.Build.0 = Release|Any CPU
		{0C5F96B3-4B4F-4F1A-965D-622B568F83DC}.Release|x64.ActiveCfg = Release|Any CPU
		{0C5F96B3-4B4F-4F1A-965D-622B568F83DC}.Release|x64.Build.0 = Release|Any CPU
		{0C5F96B3-4B4F-4F1A-965D-622B568F83DC}.Release|x86.ActiveCfg = Release|Any CPU
		{0C5F96B3-4B4F-4F1A-965D-622B568F83DC}.Release|x86.Build.0 = Release|Any CPU
		{47EB67C9-2DBD-4DCA-8367-8090D1343535}.Debug|Any CPU.ActiveCfg = Debug|Any CPU
		{47EB67C9-2DBD-4DCA-8367-8090D1343535}.Debug|Any CPU.Build.0 = Debug|Any CPU
		{47EB67C9-2DBD-4DCA-8367-8090D1343535}.Debug|x64.ActiveCfg = Debug|Any CPU
		{47EB67C9-2DBD-4DCA-8367-8090D1343535}.Debug|x64.Build.0 = Debug|Any CPU
		{47EB67C9-2DBD-4DCA-8367-8090D1343535}.Debug|x86.ActiveCfg = Debug|Any CPU
		{47EB67C9-2DBD-4DCA-8367-8090D1343535}.Debug|x86.Build.0 = Debug|Any CPU
		{47EB67C9-2DBD-4DCA-8367-8090D1343535}.Release|Any CPU.ActiveCfg = Release|Any CPU
		{47EB67C9-2DBD-4DCA-8367-8090D1343535}.Release|Any CPU.Build.0 = Release|Any CPU
		{47EB67C9-2DBD-4DCA-8367-8090D1343535}.Release|x64.ActiveCfg = Release|Any CPU
		{47EB67C9-2DBD-4DCA-8367-8090D1343535}.Release|x64.Build.0 = Release|Any CPU
		{47EB67C9-2DBD-4DCA-8367-8090D1343535}.Release|x86.ActiveCfg = Release|Any CPU
		{47EB67C9-2DBD-4DCA-8367-8090D1343535}.Release|x86.Build.0 = Release|Any CPU
		{71D59387-6427-47CD-8235-38B962EE400A}.Debug|Any CPU.ActiveCfg = Debug|Any CPU
		{71D59387-6427-47CD-8235-38B962EE400A}.Debug|Any CPU.Build.0 = Debug|Any CPU
		{71D59387-6427-47CD-8235-38B962EE400A}.Debug|x64.ActiveCfg = Debug|Any CPU
		{71D59387-6427-47CD-8235-38B962EE400A}.Debug|x64.Build.0 = Debug|Any CPU
		{71D59387-6427-47CD-8235-38B962EE400A}.Debug|x86.ActiveCfg = Debug|Any CPU
		{71D59387-6427-47CD-8235-38B962EE400A}.Debug|x86.Build.0 = Debug|Any CPU
		{71D59387-6427-47CD-8235-38B962EE400A}.Release|Any CPU.ActiveCfg = Release|Any CPU
		{71D59387-6427-47CD-8235-38B962EE400A}.Release|Any CPU.Build.0 = Release|Any CPU
		{71D59387-6427-47CD-8235-38B962EE400A}.Release|x64.ActiveCfg = Release|Any CPU
		{71D59387-6427-47CD-8235-38B962EE400A}.Release|x64.Build.0 = Release|Any CPU
		{71D59387-6427-47CD-8235-38B962EE400A}.Release|x86.ActiveCfg = Release|Any CPU
		{71D59387-6427-47CD-8235-38B962EE400A}.Release|x86.Build.0 = Release|Any CPU
		{BBA78B79-3E2D-476D-A0CE-E004CA84C83D}.Debug|Any CPU.ActiveCfg = Debug|Any CPU
		{BBA78B79-3E2D-476D-A0CE-E004CA84C83D}.Debug|Any CPU.Build.0 = Debug|Any CPU
		{BBA78B79-3E2D-476D-A0CE-E004CA84C83D}.Debug|x64.ActiveCfg = Debug|Any CPU
		{BBA78B79-3E2D-476D-A0CE-E004CA84C83D}.Debug|x64.Build.0 = Debug|Any CPU
		{BBA78B79-3E2D-476D-A0CE-E004CA84C83D}.Debug|x86.ActiveCfg = Debug|Any CPU
		{BBA78B79-3E2D-476D-A0CE-E004CA84C83D}.Debug|x86.Build.0 = Debug|Any CPU
		{BBA78B79-3E2D-476D-A0CE-E004CA84C83D}.Release|Any CPU.ActiveCfg = Release|Any CPU
		{BBA78B79-3E2D-476D-A0CE-E004CA84C83D}.Release|Any CPU.Build.0 = Release|Any CPU
		{BBA78B79-3E2D-476D-A0CE-E004CA84C83D}.Release|x64.ActiveCfg = Release|Any CPU
		{BBA78B79-3E2D-476D-A0CE-E004CA84C83D}.Release|x64.Build.0 = Release|Any CPU
		{BBA78B79-3E2D-476D-A0CE-E004CA84C83D}.Release|x86.ActiveCfg = Release|Any CPU
		{BBA78B79-3E2D-476D-A0CE-E004CA84C83D}.Release|x86.Build.0 = Release|Any CPU
	EndGlobalSection
	GlobalSection(SolutionProperties) = preSolution
		HideSolutionNode = FALSE
	EndGlobalSection
	GlobalSection(NestedProjects) = preSolution
		{F573DB06-11B2-46A9-B32A-2538A66A624C} = {9126A2AA-19E4-4E65-8A4F-D632C0C20B73}
		{AC054245-BFE8-4341-8D77-E08CA16678D1} = {F573DB06-11B2-46A9-B32A-2538A66A624C}
		{800D1897-5C2C-422F-AA18-D46700D193EC} = {EE1C609D-9572-415A-AB84-618A372F42C6}
		{6AAA9564-7B13-4E10-8C26-5F26F7D7CACD} = {800D1897-5C2C-422F-AA18-D46700D193EC}
		{C126619D-6D46-40DA-AB1B-2099CCA2E634} = {6AAA9564-7B13-4E10-8C26-5F26F7D7CACD}
		{066AA00E-98D3-49F1-B305-746C1C628BB3} = {9126A2AA-19E4-4E65-8A4F-D632C0C20B73}
		{47A591D5-DBAF-47D8-9B09-559518FB7FF7} = {066AA00E-98D3-49F1-B305-746C1C628BB3}
		{72EE00CB-4CEB-4056-BD88-ECD93112BCD8} = {EE1C609D-9572-415A-AB84-618A372F42C6}
		{F67DBB21-24B1-4F80-9FB7-BCE6D927C858} = {72EE00CB-4CEB-4056-BD88-ECD93112BCD8}
		{2E7F80B0-9C97-44C8-B04A-340356F69497} = {9126A2AA-19E4-4E65-8A4F-D632C0C20B73}
		{4CE299CA-5583-4391-A6D6-EC98BF85693F} = {2E7F80B0-9C97-44C8-B04A-340356F69497}
		{2B59F36F-3AF2-45BF-8E3E-5C2B2D736BD9} = {EE1C609D-9572-415A-AB84-618A372F42C6}
		{6314A3CD-96D2-4931-BC68-A26A82C151E5} = {2B59F36F-3AF2-45BF-8E3E-5C2B2D736BD9}
		{0C5F96B3-4B4F-4F1A-965D-622B568F83DC} = {F573DB06-11B2-46A9-B32A-2538A66A624C}
		{B6BD1E22-B8CC-4451-BEE5-FB258143F101} = {800D1897-5C2C-422F-AA18-D46700D193EC}
		{47EB67C9-2DBD-4DCA-8367-8090D1343535} = {B6BD1E22-B8CC-4451-BEE5-FB258143F101}
		{71D59387-6427-47CD-8235-38B962EE400A} = {F573DB06-11B2-46A9-B32A-2538A66A624C}
		{FCEEF72D-3423-41DD-AFCF-410E59A59A96} = {800D1897-5C2C-422F-AA18-D46700D193EC}
		{BBA78B79-3E2D-476D-A0CE-E004CA84C83D} = {FCEEF72D-3423-41DD-AFCF-410E59A59A96}
	EndGlobalSection
	GlobalSection(ExtensibilityGlobals) = postSolution
		SolutionGuid = {E2DF5A95-82FC-4DFF-ACBA-BA8181F57B48}
	EndGlobalSection
EndGlobal
