
Microsoft Visual Studio Solution File, Format Version 12.00
# Visual Studio Version 16
VisualStudioVersion = 16.0.31105.61
MinimumVisualStudioVersion = 10.0.40219.1
Project("{9A19103F-16F7-4668-BE54-9A1E7A4F7556}") = "PlanB.AppCore", "PlanB.AppCore\PlanB.AppCore.csproj", "{4DD01D7C-AA76-4EC8-96EB-BC2DD949CB0E}"
EndProject
Project("{2150E333-8FDC-42A3-9474-1A3956D46DE8}") = "Tests", "Tests", "{F2778641-06A4-4F4E-AF08-E0758F8F190C}"
EndProject
Project("{9A19103F-16F7-4668-BE54-9A1E7A4F7556}") = "PlanB.App.XUnit.Tests", "..\..\Tests\PlanB.App.XUnit.Tests\PlanB.App.XUnit.Tests.csproj", "{11D9C841-C21D-4079-9F4E-6FBF179837DD}"
EndProject
Project("{2150E333-8FDC-42A3-9474-1A3956D46DE8}") = "2-Services", "2-Services", "{9A39DB5B-C87B-479F-B706-FA50D300B616}"
EndProject
Project("{9A19103F-16F7-4668-BE54-9A1E7A4F7556}") = "PlanB.Services.Api", "..\2-Services\PlanB.Services.Api\PlanB.Services.Api.csproj", "{94606FE4-0664-43EC-99F7-60B8915BA9A2}"
EndProject
Project("{2150E333-8FDC-42A3-9474-1A3956D46DE8}") = "3-Application", "3-Application", "{0097F1A9-98ED-49AE-A01B-05F68EA3C8F5}"
EndProject
Project("{9A19103F-16F7-4668-BE54-9A1E7A4F7556}") = "PlanB.Application", "..\3-Application\PlanB.Application\PlanB.Application.csproj", "{97E7CA2A-00E6-4A96-A66A-B0B6B94EB5B8}"
EndProject
Project("{2150E333-8FDC-42A3-9474-1A3956D46DE8}") = "4-Domain", "4-Domain", "{C60D9935-4E56-45F0-ABCB-417F2388DB6D}"
EndProject
Project("{9A19103F-16F7-4668-BE54-9A1E7A4F7556}") = "PlanB.Domain", "..\4-Domain\PlanB.Domain\PlanB.Domain.csproj", "{AD2C816E-E69B-4D86-9374-9A5EDBE7E579}"
EndProject
Project("{9A19103F-16F7-4668-BE54-9A1E7A4F7556}") = "PlanB.Domain.Core", "..\4-Domain\PlanB.Domain.Core\PlanB.Domain.Core.csproj", "{D0CD4BF1-F953-4AF3-8C06-413C0AE258E9}"
EndProject
Project("{2150E333-8FDC-42A3-9474-1A3956D46DE8}") = "5-Infra", "5-Infra", "{464447A5-DF0D-4650-9223-FBBF8864B71F}"
EndProject
Project("{2150E333-8FDC-42A3-9474-1A3956D46DE8}") = "5.1-Data", "5.1-Data", "{3E29798D-3828-4087-A0B6-020287685939}"
EndProject
Project("{9A19103F-16F7-4668-BE54-9A1E7A4F7556}") = "PlanB.Infra.Data", "..\5-Infra\5.1-Data\PlanB.Infra.Data\PlanB.Infra.Data.csproj", "{8BD6A949-7AC5-419C-974C-3C4DE2633066}"
EndProject
Project("{2150E333-8FDC-42A3-9474-1A3956D46DE8}") = "5.2-CrossCutting", "5.2-CrossCutting", "{41353265-4423-4B88-BA6D-2EA09FE4996D}"
EndProject
Project("{9A19103F-16F7-4668-BE54-9A1E7A4F7556}") = "PlanB.CrossCutting.Bus", "..\5-Infra\5.2-CrossCutting\PlanB.CrossCutting.Bus\PlanB.CrossCutting.Bus.csproj", "{288EB966-307F-4531-8357-B07A74D12389}"
EndProject
Project("{9A19103F-16F7-4668-BE54-9A1E7A4F7556}") = "PlanB.CrossCutting.Identity", "..\5-Infra\5.2-CrossCutting\PlanB.CrossCutting.Identity\PlanB.CrossCutting.Identity.csproj", "{C2E05441-F8F0-449A-8DFE-B275AECB9FAD}"
EndProject
Project("{9A19103F-16F7-4668-BE54-9A1E7A4F7556}") = "PlanB.CrossCutting.IoC", "..\5-Infra\5.2-CrossCutting\PlanB.CrossCutting.IoC\PlanB.CrossCutting.IoC.csproj", "{B363AB16-88B0-4290-B9D3-C71A9A832054}"
EndProject
Project("{2150E333-8FDC-42A3-9474-1A3956D46DE8}") = "Domain", "Domain", "{8B59AB20-E610-4689-93CB-10F0D84B4607}"
EndProject
Project("{9A19103F-16F7-4668-BE54-9A1E7A4F7556}") = "PlanB.Domain.Tests", "..\..\Tests\2-Domain\PlanB.Domain.Tests\PlanB.Domain.Tests.csproj", "{806CA0FC-E9E7-4550-919D-B9A38D5A462B}"
EndProject
Project("{9A19103F-16F7-4668-BE54-9A1E7A4F7556}") = "PlanB.Domain.Core.Tests", "..\..\Tests\2-Domain\PlanB.Domain.Core.Tests\PlanB.Domain.Core.Tests.csproj", "{9D75CDEF-A28C-4736-81C5-DD2F001FE72C}"
EndProject
Project("{2150E333-8FDC-42A3-9474-1A3956D46DE8}") = "Infrastructure", "Infrastructure", "{4A5C1E07-FB5B-435B-9779-E045D3170DDC}"
EndProject
Project("{9A19103F-16F7-4668-BE54-9A1E7A4F7556}") = "PlanB.Infra.Data.Tests", "..\..\Tests\3-Infra\PlanB.Infra.Data.Tests\PlanB.Infra.Data.Tests.csproj", "{DD4FEFA9-D8BC-4E6C-9BE5-2C01F7113B43}"
EndProject
Project("{9A19103F-16F7-4668-BE54-9A1E7A4F7556}") = "PlanB.Infra.CrossCutting.Bus.Tests", "..\..\Tests\3-Infra\CrossCutting\PlanB.Infra.CrossCutting.Bus.Tests\PlanB.Infra.CrossCutting.Bus.Tests.csproj", "{CF3442CF-C994-464D-9B38-7C2525069D78}"
EndProject
Project("{9A19103F-16F7-4668-BE54-9A1E7A4F7556}") = "PlanB.Infra.CrossCutting.Identity.Tests", "..\..\Tests\3-Infra\CrossCutting\PlanB.Infra.CrossCutting.Identity.Tests\PlanB.Infra.CrossCutting.Identity.Tests.csproj", "{075E7D7F-7B23-4659-94AC-9F46740F6C83}"
EndProject
Project("{9A19103F-16F7-4668-BE54-9A1E7A4F7556}") = "PlanB.Infra.CrossCutting.IoC.Tests", "..\..\Tests\3-Infra\CrossCutting\PlanB.Infra.CrossCutting.IoC.Tests\PlanB.Infra.CrossCutting.IoC.Tests.csproj", "{1C88C85F-11D1-43AD-8761-351A689DB329}"
EndProject
Project("{2150E333-8FDC-42A3-9474-1A3956D46DE8}") = "Services", "Services", "{FB8FD911-6301-4725-8CB5-749AB0955476}"
EndProject
Project("{9A19103F-16F7-4668-BE54-9A1E7A4F7556}") = "PlanB.Services.API.Tests", "..\..\Tests\4-Services\PlanB.Services.API.Tests\PlanB.Services.API.Tests.csproj", "{2519FDAD-565D-46F3-A918-80BC0FC9A3E1}"
EndProject
Global
	GlobalSection(SolutionConfigurationPlatforms) = preSolution
		Debug|Any CPU = Debug|Any CPU
		Release|Any CPU = Release|Any CPU
	EndGlobalSection
	GlobalSection(ProjectConfigurationPlatforms) = postSolution
		{4DD01D7C-AA76-4EC8-96EB-BC2DD949CB0E}.Debug|Any CPU.ActiveCfg = Debug|Any CPU
		{4DD01D7C-AA76-4EC8-96EB-BC2DD949CB0E}.Debug|Any CPU.Build.0 = Debug|Any CPU
		{4DD01D7C-AA76-4EC8-96EB-BC2DD949CB0E}.Release|Any CPU.ActiveCfg = Release|Any CPU
		{4DD01D7C-AA76-4EC8-96EB-BC2DD949CB0E}.Release|Any CPU.Build.0 = Release|Any CPU
		{11D9C841-C21D-4079-9F4E-6FBF179837DD}.Debug|Any CPU.ActiveCfg = Debug|Any CPU
		{11D9C841-C21D-4079-9F4E-6FBF179837DD}.Debug|Any CPU.Build.0 = Debug|Any CPU
		{11D9C841-C21D-4079-9F4E-6FBF179837DD}.Release|Any CPU.ActiveCfg = Release|Any CPU
		{11D9C841-C21D-4079-9F4E-6FBF179837DD}.Release|Any CPU.Build.0 = Release|Any CPU
		{94606FE4-0664-43EC-99F7-60B8915BA9A2}.Debug|Any CPU.ActiveCfg = Debug|Any CPU
		{94606FE4-0664-43EC-99F7-60B8915BA9A2}.Debug|Any CPU.Build.0 = Debug|Any CPU
		{94606FE4-0664-43EC-99F7-60B8915BA9A2}.Release|Any CPU.ActiveCfg = Release|Any CPU
		{94606FE4-0664-43EC-99F7-60B8915BA9A2}.Release|Any CPU.Build.0 = Release|Any CPU
		{97E7CA2A-00E6-4A96-A66A-B0B6B94EB5B8}.Debug|Any CPU.ActiveCfg = Debug|Any CPU
		{97E7CA2A-00E6-4A96-A66A-B0B6B94EB5B8}.Debug|Any CPU.Build.0 = Debug|Any CPU
		{97E7CA2A-00E6-4A96-A66A-B0B6B94EB5B8}.Release|Any CPU.ActiveCfg = Release|Any CPU
		{97E7CA2A-00E6-4A96-A66A-B0B6B94EB5B8}.Release|Any CPU.Build.0 = Release|Any CPU
		{AD2C816E-E69B-4D86-9374-9A5EDBE7E579}.Debug|Any CPU.ActiveCfg = Debug|Any CPU
		{AD2C816E-E69B-4D86-9374-9A5EDBE7E579}.Debug|Any CPU.Build.0 = Debug|Any CPU
		{AD2C816E-E69B-4D86-9374-9A5EDBE7E579}.Release|Any CPU.ActiveCfg = Release|Any CPU
		{AD2C816E-E69B-4D86-9374-9A5EDBE7E579}.Release|Any CPU.Build.0 = Release|Any CPU
		{D0CD4BF1-F953-4AF3-8C06-413C0AE258E9}.Debug|Any CPU.ActiveCfg = Debug|Any CPU
		{D0CD4BF1-F953-4AF3-8C06-413C0AE258E9}.Debug|Any CPU.Build.0 = Debug|Any CPU
		{D0CD4BF1-F953-4AF3-8C06-413C0AE258E9}.Release|Any CPU.ActiveCfg = Release|Any CPU
		{D0CD4BF1-F953-4AF3-8C06-413C0AE258E9}.Release|Any CPU.Build.0 = Release|Any CPU
		{8BD6A949-7AC5-419C-974C-3C4DE2633066}.Debug|Any CPU.ActiveCfg = Debug|Any CPU
		{8BD6A949-7AC5-419C-974C-3C4DE2633066}.Debug|Any CPU.Build.0 = Debug|Any CPU
		{8BD6A949-7AC5-419C-974C-3C4DE2633066}.Release|Any CPU.ActiveCfg = Release|Any CPU
		{8BD6A949-7AC5-419C-974C-3C4DE2633066}.Release|Any CPU.Build.0 = Release|Any CPU
		{288EB966-307F-4531-8357-B07A74D12389}.Debug|Any CPU.ActiveCfg = Debug|Any CPU
		{288EB966-307F-4531-8357-B07A74D12389}.Debug|Any CPU.Build.0 = Debug|Any CPU
		{288EB966-307F-4531-8357-B07A74D12389}.Release|Any CPU.ActiveCfg = Release|Any CPU
		{288EB966-307F-4531-8357-B07A74D12389}.Release|Any CPU.Build.0 = Release|Any CPU
		{C2E05441-F8F0-449A-8DFE-B275AECB9FAD}.Debug|Any CPU.ActiveCfg = Debug|Any CPU
		{C2E05441-F8F0-449A-8DFE-B275AECB9FAD}.Debug|Any CPU.Build.0 = Debug|Any CPU
		{C2E05441-F8F0-449A-8DFE-B275AECB9FAD}.Release|Any CPU.ActiveCfg = Release|Any CPU
		{C2E05441-F8F0-449A-8DFE-B275AECB9FAD}.Release|Any CPU.Build.0 = Release|Any CPU
		{B363AB16-88B0-4290-B9D3-C71A9A832054}.Debug|Any CPU.ActiveCfg = Debug|Any CPU
		{B363AB16-88B0-4290-B9D3-C71A9A832054}.Debug|Any CPU.Build.0 = Debug|Any CPU
		{B363AB16-88B0-4290-B9D3-C71A9A832054}.Release|Any CPU.ActiveCfg = Release|Any CPU
		{B363AB16-88B0-4290-B9D3-C71A9A832054}.Release|Any CPU.Build.0 = Release|Any CPU
		{806CA0FC-E9E7-4550-919D-B9A38D5A462B}.Debug|Any CPU.ActiveCfg = Debug|Any CPU
		{806CA0FC-E9E7-4550-919D-B9A38D5A462B}.Debug|Any CPU.Build.0 = Debug|Any CPU
		{806CA0FC-E9E7-4550-919D-B9A38D5A462B}.Release|Any CPU.ActiveCfg = Release|Any CPU
		{806CA0FC-E9E7-4550-919D-B9A38D5A462B}.Release|Any CPU.Build.0 = Release|Any CPU
		{9D75CDEF-A28C-4736-81C5-DD2F001FE72C}.Debug|Any CPU.ActiveCfg = Debug|Any CPU
		{9D75CDEF-A28C-4736-81C5-DD2F001FE72C}.Debug|Any CPU.Build.0 = Debug|Any CPU
		{9D75CDEF-A28C-4736-81C5-DD2F001FE72C}.Release|Any CPU.ActiveCfg = Release|Any CPU
		{9D75CDEF-A28C-4736-81C5-DD2F001FE72C}.Release|Any CPU.Build.0 = Release|Any CPU
		{DD4FEFA9-D8BC-4E6C-9BE5-2C01F7113B43}.Debug|Any CPU.ActiveCfg = Debug|Any CPU
		{DD4FEFA9-D8BC-4E6C-9BE5-2C01F7113B43}.Debug|Any CPU.Build.0 = Debug|Any CPU
		{DD4FEFA9-D8BC-4E6C-9BE5-2C01F7113B43}.Release|Any CPU.ActiveCfg = Release|Any CPU
		{DD4FEFA9-D8BC-4E6C-9BE5-2C01F7113B43}.Release|Any CPU.Build.0 = Release|Any CPU
		{CF3442CF-C994-464D-9B38-7C2525069D78}.Debug|Any CPU.ActiveCfg = Debug|Any CPU
		{CF3442CF-C994-464D-9B38-7C2525069D78}.Debug|Any CPU.Build.0 = Debug|Any CPU
		{CF3442CF-C994-464D-9B38-7C2525069D78}.Release|Any CPU.ActiveCfg = Release|Any CPU
		{CF3442CF-C994-464D-9B38-7C2525069D78}.Release|Any CPU.Build.0 = Release|Any CPU
		{075E7D7F-7B23-4659-94AC-9F46740F6C83}.Debug|Any CPU.ActiveCfg = Debug|Any CPU
		{075E7D7F-7B23-4659-94AC-9F46740F6C83}.Debug|Any CPU.Build.0 = Debug|Any CPU
		{075E7D7F-7B23-4659-94AC-9F46740F6C83}.Release|Any CPU.ActiveCfg = Release|Any CPU
		{075E7D7F-7B23-4659-94AC-9F46740F6C83}.Release|Any CPU.Build.0 = Release|Any CPU
		{1C88C85F-11D1-43AD-8761-351A689DB329}.Debug|Any CPU.ActiveCfg = Debug|Any CPU
		{1C88C85F-11D1-43AD-8761-351A689DB329}.Debug|Any CPU.Build.0 = Debug|Any CPU
		{1C88C85F-11D1-43AD-8761-351A689DB329}.Release|Any CPU.ActiveCfg = Release|Any CPU
		{1C88C85F-11D1-43AD-8761-351A689DB329}.Release|Any CPU.Build.0 = Release|Any CPU
		{2519FDAD-565D-46F3-A918-80BC0FC9A3E1}.Debug|Any CPU.ActiveCfg = Debug|Any CPU
		{2519FDAD-565D-46F3-A918-80BC0FC9A3E1}.Debug|Any CPU.Build.0 = Debug|Any CPU
		{2519FDAD-565D-46F3-A918-80BC0FC9A3E1}.Release|Any CPU.ActiveCfg = Release|Any CPU
		{2519FDAD-565D-46F3-A918-80BC0FC9A3E1}.Release|Any CPU.Build.0 = Release|Any CPU
	EndGlobalSection
	GlobalSection(SolutionProperties) = preSolution
		HideSolutionNode = FALSE
	EndGlobalSection
	GlobalSection(NestedProjects) = preSolution
		{11D9C841-C21D-4079-9F4E-6FBF179837DD} = {F2778641-06A4-4F4E-AF08-E0758F8F190C}
		{94606FE4-0664-43EC-99F7-60B8915BA9A2} = {9A39DB5B-C87B-479F-B706-FA50D300B616}
		{97E7CA2A-00E6-4A96-A66A-B0B6B94EB5B8} = {0097F1A9-98ED-49AE-A01B-05F68EA3C8F5}
		{AD2C816E-E69B-4D86-9374-9A5EDBE7E579} = {C60D9935-4E56-45F0-ABCB-417F2388DB6D}
		{D0CD4BF1-F953-4AF3-8C06-413C0AE258E9} = {C60D9935-4E56-45F0-ABCB-417F2388DB6D}
		{3E29798D-3828-4087-A0B6-020287685939} = {464447A5-DF0D-4650-9223-FBBF8864B71F}
		{8BD6A949-7AC5-419C-974C-3C4DE2633066} = {3E29798D-3828-4087-A0B6-020287685939}
		{41353265-4423-4B88-BA6D-2EA09FE4996D} = {464447A5-DF0D-4650-9223-FBBF8864B71F}
		{288EB966-307F-4531-8357-B07A74D12389} = {41353265-4423-4B88-BA6D-2EA09FE4996D}
		{C2E05441-F8F0-449A-8DFE-B275AECB9FAD} = {41353265-4423-4B88-BA6D-2EA09FE4996D}
		{B363AB16-88B0-4290-B9D3-C71A9A832054} = {41353265-4423-4B88-BA6D-2EA09FE4996D}
		{8B59AB20-E610-4689-93CB-10F0D84B4607} = {F2778641-06A4-4F4E-AF08-E0758F8F190C}
		{806CA0FC-E9E7-4550-919D-B9A38D5A462B} = {8B59AB20-E610-4689-93CB-10F0D84B4607}
		{9D75CDEF-A28C-4736-81C5-DD2F001FE72C} = {8B59AB20-E610-4689-93CB-10F0D84B4607}
		{4A5C1E07-FB5B-435B-9779-E045D3170DDC} = {F2778641-06A4-4F4E-AF08-E0758F8F190C}
		{DD4FEFA9-D8BC-4E6C-9BE5-2C01F7113B43} = {4A5C1E07-FB5B-435B-9779-E045D3170DDC}
		{CF3442CF-C994-464D-9B38-7C2525069D78} = {4A5C1E07-FB5B-435B-9779-E045D3170DDC}
		{075E7D7F-7B23-4659-94AC-9F46740F6C83} = {4A5C1E07-FB5B-435B-9779-E045D3170DDC}
		{1C88C85F-11D1-43AD-8761-351A689DB329} = {4A5C1E07-FB5B-435B-9779-E045D3170DDC}
		{FB8FD911-6301-4725-8CB5-749AB0955476} = {F2778641-06A4-4F4E-AF08-E0758F8F190C}
		{2519FDAD-565D-46F3-A918-80BC0FC9A3E1} = {FB8FD911-6301-4725-8CB5-749AB0955476}
	EndGlobalSection
	GlobalSection(ExtensibilityGlobals) = postSolution
		SolutionGuid = {81EEB6DF-A033-48FC-8ACA-6FD310417475}
	EndGlobalSection
EndGlobal
